<?xml version="1.0" encoding="UTF-8" standalone="yes" ?>
<CodeBlocks_project_file>
	<FileVersion major="1" minor="6" />
	<Project>
		<Option title="Testing" />
		<Option pch_mode="2" />
		<Option compiler="gcc" />
		<Build>
			<Target title="Debug">
				<Option output="bin/Debug/Testing" prefix_auto="1" extension_auto="1" />
				<Option working_dir="C:/Program Files (x86)/CodeBlocks/MinGW/bin" />
				<Option object_output="obj/Debug/" />
				<Option type="1" />
				<Option compiler="gcc" />
				<Compiler>
					<Add option="-g" />
				</Compiler>
			</Target>
			<Target title="Release">
				<Option output="bin/Release/Testing" prefix_auto="1" extension_auto="1" />
				<Option working_dir="C:/Program Files (x86)/CodeBlocks/MinGW/bin" />
				<Option object_output="obj/Release/" />
				<Option type="0" />
				<Option compiler="gcc" />
				<Compiler>
					<Add option="-O2" />
				</Compiler>
				<Linker>
					<Add option="-s" />
				</Linker>
			</Target>
		</Build>
		<Compiler>
			<Add option="-Wall" />
			<Add directory="C:/Program Files (x86)/CodeBlocks/MinGW/include" />
		</Compiler>
		<Linker>
			<Add library="freeglut" />
			<Add library="opengl32" />
			<Add library="glu32" />
			<Add library="winmm" />
			<Add library="gdi32" />
			<Add directory="C:/Program Files (x86)/CodeBlocks/MinGW/lib" />
		</Linker>
		<Unit filename="draw.cpp" />
		<Unit filename="draw.hpp" />
		<Unit filename="glut-3.7/include/GL/fgl.h" />
		<Unit filename="glut-3.7/include/GL/fglu.h" />
		<Unit filename="glut-3.7/include/GL/fglut.h" />
		<Unit filename="glut-3.7/include/GL/glsmap.h" />
		<Unit filename="glut-3.7/include/GL/glut.h" />
		<Unit filename="glut-3.7/include/GL/tube.h" />
		<Unit filename="glut-3.7/include/mui/browser.h" />
		<Unit filename="glut-3.7/include/mui/displaylist.h" />
		<Unit filename="glut-3.7/include/mui/gizmo.h" />
		<Unit filename="glut-3.7/include/mui/hslider.h" />
		<Unit filename="glut-3.7/include/mui/mui.h" />
		<Unit filename="glut-3.7/include/mui/textlist.h" />
		<Unit filename="glut-3.7/include/mui/uicolor.h" />
		<Unit filename="glut-3.7/include/mui/vslider.h" />
		<Unit filename="glut-3.7/lib/fglut/fglut.c">
			<Option compilerVar="CC" />
		</Unit>
		<Unit filename="glut-3.7/lib/fglut/fglut_8x13.c">
			<Option compilerVar="CC" />
		</Unit>
		<Unit filename="glut-3.7/lib/fglut/fglut_9x15.c">
			<Option compilerVar="CC" />
		</Unit>
		<Unit filename="glut-3.7/lib/fglut/fglut_hel10.c">
			<Option compilerVar="CC" />
		</Unit>
		<Unit filename="glut-3.7/lib/fglut/fglut_hel12.c">
			<Option compilerVar="CC" />
		</Unit>
		<Unit filename="glut-3.7/lib/fglut/fglut_hel18.c">
			<Option compilerVar="CC" />
		</Unit>
		<Unit filename="glut-3.7/lib/fglut/fglut_mroman.c">
			<Option compilerVar="CC" />
		</Unit>
		<Unit filename="glut-3.7/lib/fglut/fglut_roman.c">
			<Option compilerVar="CC" />
		</Unit>
		<Unit filename="glut-3.7/lib/fglut/fglut_tr10.c">
			<Option compilerVar="CC" />
		</Unit>
		<Unit filename="glut-3.7/lib/fglut/fglut_tr24.c">
			<Option compilerVar="CC" />
		</Unit>
		<Unit filename="glut-3.7/lib/gle/copy.h" />
		<Unit filename="glut-3.7/lib/gle/ex_angle.c">
			<Option compilerVar="CC" />
		</Unit>
		<Unit filename="glut-3.7/lib/gle/ex_cut_round.c">
			<Option compilerVar="CC" />
		</Unit>
		<Unit filename="glut-3.7/lib/gle/ex_raw.c">
			<Option compilerVar="CC" />
		</Unit>
		<Unit filename="glut-3.7/lib/gle/extrude.c">
			<Option compilerVar="CC" />
		</Unit>
		<Unit filename="glut-3.7/lib/gle/extrude.h" />
		<Unit filename="glut-3.7/lib/gle/gutil.h" />
		<Unit filename="glut-3.7/lib/gle/intersect.c">
			<Option compilerVar="CC" />
		</Unit>
		<Unit filename="glut-3.7/lib/gle/intersect.h" />
		<Unit filename="glut-3.7/lib/gle/port.h" />
		<Unit filename="glut-3.7/lib/gle/qmesh.c">
			<Option compilerVar="CC" />
		</Unit>
		<Unit filename="glut-3.7/lib/gle/rot.h" />
		<Unit filename="glut-3.7/lib/gle/rot_prince.c">
			<Option compilerVar="CC" />
		</Unit>
		<Unit filename="glut-3.7/lib/gle/rotate.c">
			<Option compilerVar="CC" />
		</Unit>
		<Unit filename="glut-3.7/lib/gle/round_cap.c">
			<Option compilerVar="CC" />
		</Unit>
		<Unit filename="glut-3.7/lib/gle/segment.c">
			<Option compilerVar="CC" />
		</Unit>
		<Unit filename="glut-3.7/lib/gle/segment.h" />
		<Unit filename="glut-3.7/lib/gle/texgen.c">
			<Option compilerVar="CC" />
		</Unit>
		<Unit filename="glut-3.7/lib/gle/tube_gc.h" />
		<Unit filename="glut-3.7/lib/gle/urotate.c">
			<Option compilerVar="CC" />
		</Unit>
		<Unit filename="glut-3.7/lib/gle/view.c">
			<Option compilerVar="CC" />
		</Unit>
		<Unit filename="glut-3.7/lib/gle/vvector.h" />
		<Unit filename="glut-3.7/lib/glsmap/glsmapint.h" />
		<Unit filename="glut-3.7/lib/glsmap/smap_buildsmap.c">
			<Option compilerVar="CC" />
		</Unit>
		<Unit filename="glut-3.7/lib/glsmap/smap_context.c">
			<Option compilerVar="CC" />
		</Unit>
		<Unit filename="glut-3.7/lib/glsmap/smap_create.c">
			<Option compilerVar="CC" />
		</Unit>
		<Unit filename="glut-3.7/lib/glsmap/smap_destroy.c">
			<Option compilerVar="CC" />
		</Unit>
		<Unit filename="glut-3.7/lib/glsmap/smap_drawmesh.c">
			<Option compilerVar="CC" />
		</Unit>
		<Unit filename="glut-3.7/lib/glsmap/smap_flag.c">
			<Option compilerVar="CC" />
		</Unit>
		<Unit filename="glut-3.7/lib/glsmap/smap_get.c">
			<Option compilerVar="CC" />
		</Unit>
		<Unit filename="glut-3.7/lib/glsmap/smap_getfunc.c">
			<Option compilerVar="CC" />
		</Unit>
		<Unit filename="glut-3.7/lib/glsmap/smap_gettexdim.c">
			<Option compilerVar="CC" />
		</Unit>
		<Unit filename="glut-3.7/lib/glsmap/smap_gettexobj.c">
			<Option compilerVar="CC" />
		</Unit>
		<Unit filename="glut-3.7/lib/glsmap/smap_getvec.c">
			<Option compilerVar="CC" />
		</Unit>
		<Unit filename="glut-3.7/lib/glsmap/smap_makemesh.c">
			<Option compilerVar="CC" />
		</Unit>
		<Unit filename="glut-3.7/lib/glsmap/smap_nearfar.c">
			<Option compilerVar="CC" />
		</Unit>
		<Unit filename="glut-3.7/lib/glsmap/smap_origin.c">
			<Option compilerVar="CC" />
		</Unit>
		<Unit filename="glut-3.7/lib/glsmap/smap_render.c">
			<Option compilerVar="CC" />
		</Unit>
		<Unit filename="glut-3.7/lib/glsmap/smap_rvec2st.c">
			<Option compilerVar="CC" />
		</Unit>
		<Unit filename="glut-3.7/lib/glsmap/smap_set.c">
			<Option compilerVar="CC" />
		</Unit>
		<Unit filename="glut-3.7/lib/glsmap/smap_setfunc.c">
			<Option compilerVar="CC" />
		</Unit>
		<Unit filename="glut-3.7/lib/glsmap/smap_setvec.c">
			<Option compilerVar="CC" />
		</Unit>
		<Unit filename="glut-3.7/lib/glsmap/smap_texdim.c">
			<Option compilerVar="CC" />
		</Unit>
		<Unit filename="glut-3.7/lib/glsmap/smap_texobj.c">
			<Option compilerVar="CC" />
		</Unit>
		<Unit filename="glut-3.7/lib/glut/capturexfont.c">
			<Option compilerVar="CC" />
		</Unit>
		<Unit filename="glut-3.7/lib/glut/glut_8x13.c">
			<Option compilerVar="CC" />
		</Unit>
		<Unit filename="glut-3.7/lib/glut/glut_9x15.c">
			<Option compilerVar="CC" />
		</Unit>
		<Unit filename="glut-3.7/lib/glut/glut_bitmap.c">
			<Option compilerVar="CC" />
		</Unit>
		<Unit filename="glut-3.7/lib/glut/glut_bwidth.c">
			<Option compilerVar="CC" />
		</Unit>
		<Unit filename="glut-3.7/lib/glut/glut_cindex.c">
			<Option compilerVar="CC" />
		</Unit>
		<Unit filename="glut-3.7/lib/glut/glut_cmap.c">
			<Option compilerVar="CC" />
		</Unit>
		<Unit filename="glut-3.7/lib/glut/glut_cursor.c">
			<Option compilerVar="CC" />
		</Unit>
		<Unit filename="glut-3.7/lib/glut/glut_dials.c">
			<Option compilerVar="CC" />
		</Unit>
		<Unit filename="glut-3.7/lib/glut/glut_dstr.c">
			<Option compilerVar="CC" />
		</Unit>
		<Unit filename="glut-3.7/lib/glut/glut_event.c">
			<Option compilerVar="CC" />
		</Unit>
		<Unit filename="glut-3.7/lib/glut/glut_ext.c">
			<Option compilerVar="CC" />
		</Unit>
		<Unit filename="glut-3.7/lib/glut/glut_fullscrn.c">
			<Option compilerVar="CC" />
		</Unit>
		<Unit filename="glut-3.7/lib/glut/glut_gamemode.c">
			<Option compilerVar="CC" />
		</Unit>
		<Unit filename="glut-3.7/lib/glut/glut_get.c">
			<Option compilerVar="CC" />
		</Unit>
		<Unit filename="glut-3.7/lib/glut/glut_glxext.c">
			<Option compilerVar="CC" />
		</Unit>
		<Unit filename="glut-3.7/lib/glut/glut_hel10.c">
			<Option compilerVar="CC" />
		</Unit>
		<Unit filename="glut-3.7/lib/glut/glut_hel12.c">
			<Option compilerVar="CC" />
		</Unit>
		<Unit filename="glut-3.7/lib/glut/glut_hel18.c">
			<Option compilerVar="CC" />
		</Unit>
		<Unit filename="glut-3.7/lib/glut/glut_init.c">
			<Option compilerVar="CC" />
		</Unit>
		<Unit filename="glut-3.7/lib/glut/glut_input.c">
			<Option compilerVar="CC" />
		</Unit>
		<Unit filename="glut-3.7/lib/glut/glut_joy.c">
			<Option compilerVar="CC" />
		</Unit>
		<Unit filename="glut-3.7/lib/glut/glut_key.c">
			<Option compilerVar="CC" />
		</Unit>
		<Unit filename="glut-3.7/lib/glut/glut_keyctrl.c">
			<Option compilerVar="CC" />
		</Unit>
		<Unit filename="glut-3.7/lib/glut/glut_keyup.c">
			<Option compilerVar="CC" />
		</Unit>
		<Unit filename="glut-3.7/lib/glut/glut_menu.c">
			<Option compilerVar="CC" />
		</Unit>
		<Unit filename="glut-3.7/lib/glut/glut_menu2.c">
			<Option compilerVar="CC" />
		</Unit>
		<Unit filename="glut-3.7/lib/glut/glut_mesa.c">
			<Option compilerVar="CC" />
		</Unit>
		<Unit filename="glut-3.7/lib/glut/glut_modifier.c">
			<Option compilerVar="CC" />
		</Unit>
		<Unit filename="glut-3.7/lib/glut/glut_mroman.c">
			<Option compilerVar="CC" />
		</Unit>
		<Unit filename="glut-3.7/lib/glut/glut_overlay.c">
			<Option compilerVar="CC" />
		</Unit>
		<Unit filename="glut-3.7/lib/glut/glut_roman.c">
			<Option compilerVar="CC" />
		</Unit>
		<Unit filename="glut-3.7/lib/glut/glut_shapes.c">
			<Option compilerVar="CC" />
		</Unit>
		<Unit filename="glut-3.7/lib/glut/glut_space.c">
			<Option compilerVar="CC" />
		</Unit>
		<Unit filename="glut-3.7/lib/glut/glut_stroke.c">
			<Option compilerVar="CC" />
		</Unit>
		<Unit filename="glut-3.7/lib/glut/glut_swap.c">
			<Option compilerVar="CC" />
		</Unit>
		<Unit filename="glut-3.7/lib/glut/glut_swidth.c">
			<Option compilerVar="CC" />
		</Unit>
		<Unit filename="glut-3.7/lib/glut/glut_tablet.c">
			<Option compilerVar="CC" />
		</Unit>
		<Unit filename="glut-3.7/lib/glut/glut_teapot.c">
			<Option compilerVar="CC" />
		</Unit>
		<Unit filename="glut-3.7/lib/glut/glut_tr10.c">
			<Option compilerVar="CC" />
		</Unit>
		<Unit filename="glut-3.7/lib/glut/glut_tr24.c">
			<Option compilerVar="CC" />
		</Unit>
		<Unit filename="glut-3.7/lib/glut/glut_util.c">
			<Option compilerVar="CC" />
		</Unit>
		<Unit filename="glut-3.7/lib/glut/glut_vidresize.c">
			<Option compilerVar="CC" />
		</Unit>
		<Unit filename="glut-3.7/lib/glut/glut_warp.c">
			<Option compilerVar="CC" />
		</Unit>
		<Unit filename="glut-3.7/lib/glut/glut_win.c">
			<Option compilerVar="CC" />
		</Unit>
		<Unit filename="glut-3.7/lib/glut/glut_winmisc.c">
			<Option compilerVar="CC" />
		</Unit>
		<Unit filename="glut-3.7/lib/glut/glutbitmap.h" />
		<Unit filename="glut-3.7/lib/glut/glutint.h" />
		<Unit filename="glut-3.7/lib/glut/glutstroke.h" />
		<Unit filename="glut-3.7/lib/glut/glutwin32.h" />
		<Unit filename="glut-3.7/lib/glut/layerutil.c">
			<Option compilerVar="CC" />
		</Unit>
		<Unit filename="glut-3.7/lib/glut/layerutil.h" />
		<Unit filename="glut-3.7/lib/glut/stroke.h" />
		<Unit filename="glut-3.7/lib/glut/win32_glx.c">
			<Option compilerVar="CC" />
		</Unit>
		<Unit filename="glut-3.7/lib/glut/win32_glx.h" />
		<Unit filename="glut-3.7/lib/glut/win32_menu.c">
			<Option compilerVar="CC" />
		</Unit>
		<Unit filename="glut-3.7/lib/glut/win32_util.c">
			<Option compilerVar="CC" />
		</Unit>
		<Unit filename="glut-3.7/lib/glut/win32_winproc.c">
			<Option compilerVar="CC" />
		</Unit>
		<Unit filename="glut-3.7/lib/glut/win32_x11.c">
			<Option compilerVar="CC" />
		</Unit>
		<Unit filename="glut-3.7/lib/glut/win32_x11.h" />
		<Unit filename="glut-3.7/lib/mui/browseparse.c">
			<Option compilerVar="CC" />
		</Unit>
		<Unit filename="glut-3.7/lib/mui/browser.c">
			<Option compilerVar="CC" />
		</Unit>
		<Unit filename="glut-3.7/lib/mui/button.c">
			<Option compilerVar="CC" />
		</Unit>
		<Unit filename="glut-3.7/lib/mui/displaylist.c">
			<Option compilerVar="CC" />
		</Unit>
		<Unit filename="glut-3.7/lib/mui/gizmo.c">
			<Option compilerVar="CC" />
		</Unit>
		<Unit filename="glut-3.7/lib/mui/glutmui.c">
			<Option compilerVar="CC" />
		</Unit>
		<Unit filename="glut-3.7/lib/mui/hslider.c">
			<Option compilerVar="CC" />
		</Unit>
		<Unit filename="glut-3.7/lib/mui/miscui.c">
			<Option compilerVar="CC" />
		</Unit>
		<Unit filename="glut-3.7/lib/mui/mui.c">
			<Option compilerVar="CC" />
		</Unit>
		<Unit filename="glut-3.7/lib/mui/pulldown.c">
			<Option compilerVar="CC" />
		</Unit>
		<Unit filename="glut-3.7/lib/mui/textlist.c">
			<Option compilerVar="CC" />
		</Unit>
		<Unit filename="glut-3.7/lib/mui/uicolor.c">
			<Option compilerVar="CC" />
		</Unit>
		<Unit filename="glut-3.7/lib/mui/vslider.c">
			<Option compilerVar="CC" />
		</Unit>
		<Unit filename="glut-3.7/progs/advanced97/accconvolve.c">
			<Option compilerVar="CC" />
		</Unit>
		<Unit filename="glut-3.7/progs/advanced97/accumaa.c">
			<Option compilerVar="CC" />
		</Unit>
		<Unit filename="glut-3.7/progs/advanced97/alphablend.c">
			<Option compilerVar="CC" />
		</Unit>
		<Unit filename="glut-3.7/progs/advanced97/alphablendnosort.c">
			<Option compilerVar="CC" />
		</Unit>
		<Unit filename="glut-3.7/progs/advanced97/billboard.c">
			<Option compilerVar="CC" />
		</Unit>
		<Unit filename="glut-3.7/progs/advanced97/bubble.c">
			<Option compilerVar="CC" />
		</Unit>
		<Unit filename="glut-3.7/progs/advanced97/bump.c">
			<Option compilerVar="CC" />
		</Unit>
		<Unit filename="glut-3.7/progs/advanced97/chromakey.c">
			<Option compilerVar="CC" />
		</Unit>
		<Unit filename="glut-3.7/progs/advanced97/chromakey_fancy.c">
			<Option compilerVar="CC" />
		</Unit>
		<Unit filename="glut-3.7/progs/advanced97/cloud.c">
			<Option compilerVar="CC" />
		</Unit>
		<Unit filename="glut-3.7/progs/advanced97/cloudl.c">
			<Option compilerVar="CC" />
		</Unit>
		<Unit filename="glut-3.7/progs/advanced97/complexity.c">
			<Option compilerVar="CC" />
		</Unit>
		<Unit filename="glut-3.7/progs/advanced97/csg.c">
			<Option compilerVar="CC" />
		</Unit>
		<Unit filename="glut-3.7/progs/advanced97/d.c">
			<Option compilerVar="CC" />
		</Unit>
		<Unit filename="glut-3.7/progs/advanced97/decal.c">
			<Option compilerVar="CC" />
		</Unit>
		<Unit filename="glut-3.7/progs/advanced97/dissolve.c">
			<Option compilerVar="CC" />
		</Unit>
		<Unit filename="glut-3.7/progs/advanced97/explode.c">
			<Option compilerVar="CC" />
		</Unit>
		<Unit filename="glut-3.7/progs/advanced97/fire.c">
			<Option compilerVar="CC" />
		</Unit>
		<Unit filename="glut-3.7/progs/advanced97/genspheremap.c">
			<Option compilerVar="CC" />
		</Unit>
		<Unit filename="glut-3.7/progs/advanced97/highlight.c">
			<Option compilerVar="CC" />
		</Unit>
		<Unit filename="glut-3.7/progs/advanced97/interp.c">
			<Option compilerVar="CC" />
		</Unit>
		<Unit filename="glut-3.7/progs/advanced97/lightmap.c">
			<Option compilerVar="CC" />
		</Unit>
		<Unit filename="glut-3.7/progs/advanced97/lightp.c">
			<Option compilerVar="CC" />
		</Unit>
		<Unit filename="glut-3.7/progs/advanced97/line.c">
			<Option compilerVar="CC" />
		</Unit>
		<Unit filename="glut-3.7/progs/advanced97/multiaccumaa.c">
			<Option compilerVar="CC" />
		</Unit>
		<Unit filename="glut-3.7/progs/advanced97/multialphablend.c">
			<Option compilerVar="CC" />
		</Unit>
		<Unit filename="glut-3.7/progs/advanced97/multialphablendnosort.c">
			<Option compilerVar="CC" />
		</Unit>
		<Unit filename="glut-3.7/progs/advanced97/multimirror.c">
			<Option compilerVar="CC" />
		</Unit>
		<Unit filename="glut-3.7/progs/advanced97/multiscreendoor.c">
			<Option compilerVar="CC" />
		</Unit>
		<Unit filename="glut-3.7/progs/advanced97/multispheremap.c">
			<Option compilerVar="CC" />
		</Unit>
		<Unit filename="glut-3.7/progs/advanced97/noise.c">
			<Option compilerVar="CC" />
		</Unit>
		<Unit filename="glut-3.7/progs/advanced97/nthsurfdemo.c">
			<Option compilerVar="CC" />
		</Unit>
		<Unit filename="glut-3.7/progs/advanced97/paint.c">
			<Option compilerVar="CC" />
		</Unit>
		<Unit filename="glut-3.7/progs/advanced97/projtex.c">
			<Option compilerVar="CC" />
		</Unit>
		<Unit filename="glut-3.7/progs/advanced97/sbias.c">
			<Option compilerVar="CC" />
		</Unit>
		<Unit filename="glut-3.7/progs/advanced97/screendoor.c">
			<Option compilerVar="CC" />
		</Unit>
		<Unit filename="glut-3.7/progs/advanced97/sm.c">
			<Option compilerVar="CC" />
		</Unit>
		<Unit filename="glut-3.7/progs/advanced97/sm.h" />
		<Unit filename="glut-3.7/progs/advanced97/smoke.c">
			<Option compilerVar="CC" />
		</Unit>
		<Unit filename="glut-3.7/progs/advanced97/softshadow2.c">
			<Option compilerVar="CC" />
		</Unit>
		<Unit filename="glut-3.7/progs/advanced97/spectral.c">
			<Option compilerVar="CC" />
		</Unit>
		<Unit filename="glut-3.7/progs/advanced97/sphere.c">
			<Option compilerVar="CC" />
		</Unit>
		<Unit filename="glut-3.7/progs/advanced97/tess.c">
			<Option compilerVar="CC" />
		</Unit>
		<Unit filename="glut-3.7/progs/advanced97/texgen.c">
			<Option compilerVar="CC" />
		</Unit>
		<Unit filename="glut-3.7/progs/advanced97/texmovie.c">
			<Option compilerVar="CC" />
		</Unit>
		<Unit filename="glut-3.7/progs/advanced97/texpage.c">
			<Option compilerVar="CC" />
		</Unit>
		<Unit filename="glut-3.7/progs/advanced97/textile.c">
			<Option compilerVar="CC" />
		</Unit>
		<Unit filename="glut-3.7/progs/advanced97/texture.c">
			<Option compilerVar="CC" />
		</Unit>
		<Unit filename="glut-3.7/progs/advanced97/texture.h" />
		<Unit filename="glut-3.7/progs/advanced97/underwater.c">
			<Option compilerVar="CC" />
		</Unit>
		<Unit filename="glut-3.7/progs/advanced97/usespheremap.c">
			<Option compilerVar="CC" />
		</Unit>
		<Unit filename="glut-3.7/progs/advanced97/vapor.c">
			<Option compilerVar="CC" />
		</Unit>
		<Unit filename="glut-3.7/progs/advanced97/volume.c">
			<Option compilerVar="CC" />
		</Unit>
		<Unit filename="glut-3.7/progs/advanced97/warp.c">
			<Option compilerVar="CC" />
		</Unit>
		<Unit filename="glut-3.7/progs/advanced97/water.c">
			<Option compilerVar="CC" />
		</Unit>
		<Unit filename="glut-3.7/progs/advanced97/zcomposite.c">
			<Option compilerVar="CC" />
		</Unit>
		<Unit filename="glut-3.7/progs/advanced/accumaa.c">
			<Option compilerVar="CC" />
		</Unit>
		<Unit filename="glut-3.7/progs/advanced/addfog.c">
			<Option compilerVar="CC" />
		</Unit>
		<Unit filename="glut-3.7/progs/advanced/addfog.h" />
		<Unit filename="glut-3.7/progs/advanced/af_depthcue.c">
			<Option compilerVar="CC" />
		</Unit>
		<Unit filename="glut-3.7/progs/advanced/af_teapots.c">
			<Option compilerVar="CC" />
		</Unit>
		<Unit filename="glut-3.7/progs/advanced/boundary.c">
			<Option compilerVar="CC" />
		</Unit>
		<Unit filename="glut-3.7/progs/advanced/comp.c">
			<Option compilerVar="CC" />
		</Unit>
		<Unit filename="glut-3.7/progs/advanced/convolve.c">
			<Option compilerVar="CC" />
		</Unit>
		<Unit filename="glut-3.7/progs/advanced/csg.c">
			<Option compilerVar="CC" />
		</Unit>
		<Unit filename="glut-3.7/progs/advanced/decal.c">
			<Option compilerVar="CC" />
		</Unit>
		<Unit filename="glut-3.7/progs/advanced/dissolve.c">
			<Option compilerVar="CC" />
		</Unit>
		<Unit filename="glut-3.7/progs/advanced/envmap.c">
			<Option compilerVar="CC" />
		</Unit>
		<Unit filename="glut-3.7/progs/advanced/envphong.c">
			<Option compilerVar="CC" />
		</Unit>
		<Unit filename="glut-3.7/progs/advanced/field.c">
			<Option compilerVar="CC" />
		</Unit>
		<Unit filename="glut-3.7/progs/advanced/genmipmap.c">
			<Option compilerVar="CC" />
		</Unit>
		<Unit filename="glut-3.7/progs/advanced/haloed.c">
			<Option compilerVar="CC" />
		</Unit>
		<Unit filename="glut-3.7/progs/advanced/hello2rts.c">
			<Option compilerVar="CC" />
		</Unit>
		<Unit filename="glut-3.7/progs/advanced/hiddenline.c">
			<Option compilerVar="CC" />
		</Unit>
		<Unit filename="glut-3.7/progs/advanced/imgproc.c">
			<Option compilerVar="CC" />
		</Unit>
		<Unit filename="glut-3.7/progs/advanced/izoom.c">
			<Option compilerVar="CC" />
		</Unit>
		<Unit filename="glut-3.7/progs/advanced/izoom.h" />
		<Unit filename="glut-3.7/progs/advanced/logopoints.h" />
		<Unit filename="glut-3.7/progs/advanced/mipmap_lines.c">
			<Option compilerVar="CC" />
		</Unit>
		<Unit filename="glut-3.7/progs/advanced/motionblur.c">
			<Option compilerVar="CC" />
		</Unit>
		<Unit filename="glut-3.7/progs/advanced/multilight.c">
			<Option compilerVar="CC" />
		</Unit>
		<Unit filename="glut-3.7/progs/advanced/occlude.c">
			<Option compilerVar="CC" />
		</Unit>
		<Unit filename="glut-3.7/progs/advanced/pointburst.c">
			<Option compilerVar="CC" />
		</Unit>
		<Unit filename="glut-3.7/progs/advanced/projshadow.c">
			<Option compilerVar="CC" />
		</Unit>
		<Unit filename="glut-3.7/progs/advanced/projtex.c">
			<Option compilerVar="CC" />
		</Unit>
		<Unit filename="glut-3.7/progs/advanced/rasonly.c">
			<Option compilerVar="CC" />
		</Unit>
		<Unit filename="glut-3.7/progs/advanced/redblue_stereo.c">
			<Option compilerVar="CC" />
		</Unit>
		<Unit filename="glut-3.7/progs/advanced/rts.c">
			<Option compilerVar="CC" />
		</Unit>
		<Unit filename="glut-3.7/progs/advanced/rtshadow.h" />
		<Unit filename="glut-3.7/progs/advanced/sgiflag.c">
			<Option compilerVar="CC" />
		</Unit>
		<Unit filename="glut-3.7/progs/advanced/sgiflag.h" />
		<Unit filename="glut-3.7/progs/advanced/shadowfun.c">
			<Option compilerVar="CC" />
		</Unit>
		<Unit filename="glut-3.7/progs/advanced/shadowmap.c">
			<Option compilerVar="CC" />
		</Unit>
		<Unit filename="glut-3.7/progs/advanced/shadowvol.c">
			<Option compilerVar="CC" />
		</Unit>
		<Unit filename="glut-3.7/progs/advanced/silhouette.c">
			<Option compilerVar="CC" />
		</Unit>
		<Unit filename="glut-3.7/progs/advanced/softshadow.c">
			<Option compilerVar="CC" />
		</Unit>
		<Unit filename="glut-3.7/progs/advanced/sphere.c">
			<Option compilerVar="CC" />
		</Unit>
		<Unit filename="glut-3.7/progs/advanced/tess.c">
			<Option compilerVar="CC" />
		</Unit>
		<Unit filename="glut-3.7/progs/advanced/textext.c">
			<Option compilerVar="CC" />
		</Unit>
		<Unit filename="glut-3.7/progs/advanced/textile.c">
			<Option compilerVar="CC" />
		</Unit>
		<Unit filename="glut-3.7/progs/advanced/textmap.c">
			<Option compilerVar="CC" />
		</Unit>
		<Unit filename="glut-3.7/progs/advanced/textmap.h" />
		<Unit filename="glut-3.7/progs/advanced/textrim.c">
			<Option compilerVar="CC" />
		</Unit>
		<Unit filename="glut-3.7/progs/advanced/texture.c">
			<Option compilerVar="CC" />
		</Unit>
		<Unit filename="glut-3.7/progs/advanced/texture.h" />
		<Unit filename="glut-3.7/progs/advanced/texwinalign.c">
			<Option compilerVar="CC" />
		</Unit>
		<Unit filename="glut-3.7/progs/advanced/tvertex.c">
			<Option compilerVar="CC" />
		</Unit>
		<Unit filename="glut-3.7/progs/advanced/videoresize.c">
			<Option compilerVar="CC" />
		</Unit>
		<Unit filename="glut-3.7/progs/advanced/vox.c">
			<Option compilerVar="CC" />
		</Unit>
		<Unit filename="glut-3.7/progs/advanced/warp.c">
			<Option compilerVar="CC" />
		</Unit>
		<Unit filename="glut-3.7/progs/advanced/zcomposite.c">
			<Option compilerVar="CC" />
		</Unit>
		<Unit filename="glut-3.7/progs/bucciarelli/dteapot.c">
			<Option compilerVar="CC" />
		</Unit>
		<Unit filename="glut-3.7/progs/bucciarelli/fire.c">
			<Option compilerVar="CC" />
		</Unit>
		<Unit filename="glut-3.7/progs/bucciarelli/glbpaltx.c">
			<Option compilerVar="CC" />
		</Unit>
		<Unit filename="glut-3.7/progs/bucciarelli/gltest.c">
			<Option compilerVar="CC" />
		</Unit>
		<Unit filename="glut-3.7/progs/bucciarelli/image.c">
			<Option compilerVar="CC" />
		</Unit>
		<Unit filename="glut-3.7/progs/bucciarelli/image.h" />
		<Unit filename="glut-3.7/progs/bucciarelli/paltex.c">
			<Option compilerVar="CC" />
		</Unit>
		<Unit filename="glut-3.7/progs/bucciarelli/ray.c">
			<Option compilerVar="CC" />
		</Unit>
		<Unit filename="glut-3.7/progs/bucciarelli/shadow.c">
			<Option compilerVar="CC" />
		</Unit>
		<Unit filename="glut-3.7/progs/bucciarelli/sources.c">
			<Option compilerVar="CC" />
		</Unit>
		<Unit filename="glut-3.7/progs/bucciarelli/teapot.c">
			<Option compilerVar="CC" />
		</Unit>
		<Unit filename="glut-3.7/progs/bucciarelli/terrain.c">
			<Option compilerVar="CC" />
		</Unit>
		<Unit filename="glut-3.7/progs/bucciarelli/tunnel.c">
			<Option compilerVar="CC" />
		</Unit>
		<Unit filename="glut-3.7/progs/contrib/agv_example.c">
			<Option compilerVar="CC" />
		</Unit>
		<Unit filename="glut-3.7/progs/contrib/agviewer.c">
			<Option compilerVar="CC" />
		</Unit>
		<Unit filename="glut-3.7/progs/contrib/agviewer.h" />
		<Unit filename="glut-3.7/progs/contrib/engine.c">
			<Option compilerVar="CC" />
		</Unit>
		<Unit filename="glut-3.7/progs/contrib/fractals.c">
			<Option compilerVar="CC" />
		</Unit>
		<Unit filename="glut-3.7/progs/contrib/fracviewer.c">
			<Option compilerVar="CC" />
		</Unit>
		<Unit filename="glut-3.7/progs/contrib/fracviewer.h" />
		<Unit filename="glut-3.7/progs/contrib/gears.c">
			<Option compilerVar="CC" />
		</Unit>
		<Unit filename="glut-3.7/progs/contrib/hanoi.c">
			<Option compilerVar="CC" />
		</Unit>
		<Unit filename="glut-3.7/progs/contrib/hanoi2.c">
			<Option compilerVar="CC" />
		</Unit>
		<Unit filename="glut-3.7/progs/contrib/lineblend.c">
			<Option compilerVar="CC" />
		</Unit>
		<Unit filename="glut-3.7/progs/contrib/moth.c">
			<Option compilerVar="CC" />
		</Unit>
		<Unit filename="glut-3.7/progs/contrib/noof.c">
			<Option compilerVar="CC" />
		</Unit>
		<Unit filename="glut-3.7/progs/contrib/rings.c">
			<Option compilerVar="CC" />
		</Unit>
		<Unit filename="glut-3.7/progs/contrib/steam.c">
			<Option compilerVar="CC" />
		</Unit>
		<Unit filename="glut-3.7/progs/contrib/text3d.c">
			<Option compilerVar="CC" />
		</Unit>
		<Unit filename="glut-3.7/progs/contrib/worms.c">
			<Option compilerVar="CC" />
		</Unit>
		<Unit filename="glut-3.7/progs/demos/atlantis/atlantis.c">
			<Option compilerVar="CC" />
		</Unit>
		<Unit filename="glut-3.7/progs/demos/atlantis/atlantis.h" />
		<Unit filename="glut-3.7/progs/demos/atlantis/dolphin.c">
			<Option compilerVar="CC" />
		</Unit>
		<Unit filename="glut-3.7/progs/demos/atlantis/shark.c">
			<Option compilerVar="CC" />
		</Unit>
		<Unit filename="glut-3.7/progs/demos/atlantis/swim.c">
			<Option compilerVar="CC" />
		</Unit>
		<Unit filename="glut-3.7/progs/demos/atlantis/whale.c">
			<Option compilerVar="CC" />
		</Unit>
		<Unit filename="glut-3.7/progs/demos/bluepony/bluepony.c">
			<Option compilerVar="CC" />
		</Unit>
		<Unit filename="glut-3.7/progs/demos/bluepony/readtex.c">
			<Option compilerVar="CC" />
		</Unit>
		<Unit filename="glut-3.7/progs/demos/bluepony/readtex.h" />
		<Unit filename="glut-3.7/progs/demos/bounce/bounce.c">
			<Option compilerVar="CC" />
		</Unit>
		<Unit filename="glut-3.7/progs/demos/bounce/glui.c">
			<Option compilerVar="CC" />
		</Unit>
		<Unit filename="glut-3.7/progs/demos/bounce/glui.h" />
		<Unit filename="glut-3.7/progs/demos/chess/animate.c">
			<Option compilerVar="CC" />
		</Unit>
		<Unit filename="glut-3.7/progs/demos/chess/chess.c">
			<Option compilerVar="CC" />
		</Unit>
		<Unit filename="glut-3.7/progs/demos/chess/chess.h" />
		<Unit filename="glut-3.7/progs/demos/chess/main.c">
			<Option compilerVar="CC" />
		</Unit>
		<Unit filename="glut-3.7/progs/demos/chess/pathplan.c">
			<Option compilerVar="CC" />
		</Unit>
		<Unit filename="glut-3.7/progs/demos/chess/texture.c">
			<Option compilerVar="CC" />
		</Unit>
		<Unit filename="glut-3.7/progs/demos/geoface/display.c">
			<Option compilerVar="CC" />
		</Unit>
		<Unit filename="glut-3.7/progs/demos/geoface/fileio.c">
			<Option compilerVar="CC" />
		</Unit>
		<Unit filename="glut-3.7/progs/demos/geoface/head.h" />
		<Unit filename="glut-3.7/progs/demos/geoface/main.c">
			<Option compilerVar="CC" />
		</Unit>
		<Unit filename="glut-3.7/progs/demos/geoface/make_face.c">
			<Option compilerVar="CC" />
		</Unit>
		<Unit filename="glut-3.7/progs/demos/geoface/memory.h" />
		<Unit filename="glut-3.7/progs/demos/geoface/muscle.c">
			<Option compilerVar="CC" />
		</Unit>
		<Unit filename="glut-3.7/progs/demos/glflare/glflare.c">
			<Option compilerVar="CC" />
		</Unit>
		<Unit filename="glut-3.7/progs/demos/glflare/loadlum.c">
			<Option compilerVar="CC" />
		</Unit>
		<Unit filename="glut-3.7/progs/demos/glflare/loadlum.h" />
		<Unit filename="glut-3.7/progs/demos/glflare/vec3d.c">
			<Option compilerVar="CC" />
		</Unit>
		<Unit filename="glut-3.7/progs/demos/gliq/board.c">
			<Option compilerVar="CC" />
		</Unit>
		<Unit filename="glut-3.7/progs/demos/gliq/game.c">
			<Option compilerVar="CC" />
		</Unit>
		<Unit filename="glut-3.7/progs/demos/gliq/gliq.c">
			<Option compilerVar="CC" />
		</Unit>
		<Unit filename="glut-3.7/progs/demos/gliq/gliq.h" />
		<Unit filename="glut-3.7/progs/demos/gliq/pick.c">
			<Option compilerVar="CC" />
		</Unit>
		<Unit filename="glut-3.7/progs/demos/gliq/score.c">
			<Option compilerVar="CC" />
		</Unit>
		<Unit filename="glut-3.7/progs/demos/gliq/tb.c">
			<Option compilerVar="CC" />
		</Unit>
		<Unit filename="glut-3.7/progs/demos/gliq/tb.h" />
		<Unit filename="glut-3.7/progs/demos/glutmech/glutmech.c">
			<Option compilerVar="CC" />
		</Unit>
		<Unit filename="glut-3.7/progs/demos/ideas/a.c">
			<Option compilerVar="CC" />
		</Unit>
		<Unit filename="glut-3.7/progs/demos/ideas/b.c">
			<Option compilerVar="CC" />
		</Unit>
		<Unit filename="glut-3.7/progs/demos/ideas/d.c">
			<Option compilerVar="CC" />
		</Unit>
		<Unit filename="glut-3.7/progs/demos/ideas/draw_holder.c">
			<Option compilerVar="CC" />
		</Unit>
		<Unit filename="glut-3.7/progs/demos/ideas/draw_lamp.c">
			<Option compilerVar="CC" />
		</Unit>
		<Unit filename="glut-3.7/progs/demos/ideas/draw_logo.c">
			<Option compilerVar="CC" />
		</Unit>
		<Unit filename="glut-3.7/progs/demos/ideas/draw_logo_line.c">
			<Option compilerVar="CC" />
		</Unit>
		<Unit filename="glut-3.7/progs/demos/ideas/draw_logo_shadow.c">
			<Option compilerVar="CC" />
		</Unit>
		<Unit filename="glut-3.7/progs/demos/ideas/e.c">
			<Option compilerVar="CC" />
		</Unit>
		<Unit filename="glut-3.7/progs/demos/ideas/f.c">
			<Option compilerVar="CC" />
		</Unit>
		<Unit filename="glut-3.7/progs/demos/ideas/h.c">
			<Option compilerVar="CC" />
		</Unit>
		<Unit filename="glut-3.7/progs/demos/ideas/i.c">
			<Option compilerVar="CC" />
		</Unit>
		<Unit filename="glut-3.7/progs/demos/ideas/ideas.c">
			<Option compilerVar="CC" />
		</Unit>
		<Unit filename="glut-3.7/progs/demos/ideas/m.c">
			<Option compilerVar="CC" />
		</Unit>
		<Unit filename="glut-3.7/progs/demos/ideas/n.c">
			<Option compilerVar="CC" />
		</Unit>
		<Unit filename="glut-3.7/progs/demos/ideas/o.c">
			<Option compilerVar="CC" />
		</Unit>
		<Unit filename="glut-3.7/progs/demos/ideas/objects.h" />
		<Unit filename="glut-3.7/progs/demos/ideas/p.c">
			<Option compilerVar="CC" />
		</Unit>
		<Unit filename="glut-3.7/progs/demos/ideas/r.c">
			<Option compilerVar="CC" />
		</Unit>
		<Unit filename="glut-3.7/progs/demos/ideas/s.c">
			<Option compilerVar="CC" />
		</Unit>
		<Unit filename="glut-3.7/progs/demos/ideas/t.c">
			<Option compilerVar="CC" />
		</Unit>
		<Unit filename="glut-3.7/progs/demos/ideas/w.c">
			<Option compilerVar="CC" />
		</Unit>
		<Unit filename="glut-3.7/progs/demos/lorenz/lorenz.c">
			<Option compilerVar="CC" />
		</Unit>
		<Unit filename="glut-3.7/progs/demos/newave/newave.c">
			<Option compilerVar="CC" />
		</Unit>
		<Unit filename="glut-3.7/progs/demos/newave/texture.c">
			<Option compilerVar="CC" />
		</Unit>
		<Unit filename="glut-3.7/progs/demos/newave/texture.h" />
		<Unit filename="glut-3.7/progs/demos/opengl_logo/def_logo.c">
			<Option compilerVar="CC" />
		</Unit>
		<Unit filename="glut-3.7/progs/demos/opengl_logo/opengl_logo.c">
			<Option compilerVar="CC" />
		</Unit>
		<Unit filename="glut-3.7/progs/demos/particle/particle.c">
			<Option compilerVar="CC" />
		</Unit>
		<Unit filename="glut-3.7/progs/demos/rollercoaster/defrc.c">
			<Option compilerVar="CC" />
		</Unit>
		<Unit filename="glut-3.7/progs/demos/rollercoaster/matrix.c">
			<Option compilerVar="CC" />
		</Unit>
		<Unit filename="glut-3.7/progs/demos/rollercoaster/matrix.h" />
		<Unit filename="glut-3.7/progs/demos/rollercoaster/rc.c">
			<Option compilerVar="CC" />
		</Unit>
		<Unit filename="glut-3.7/progs/demos/skyfly/database.c">
			<Option compilerVar="CC" />
		</Unit>
		<Unit filename="glut-3.7/progs/demos/skyfly/fly.c">
			<Option compilerVar="CC" />
		</Unit>
		<Unit filename="glut-3.7/progs/demos/skyfly/gm_main.c">
			<Option compilerVar="CC" />
		</Unit>
		<Unit filename="glut-3.7/progs/demos/skyfly/image.c">
			<Option compilerVar="CC" />
		</Unit>
		<Unit filename="glut-3.7/progs/demos/skyfly/perfdraw.c">
			<Option compilerVar="CC" />
		</Unit>
		<Unit filename="glut-3.7/progs/demos/skyfly/random.c">
			<Option compilerVar="CC" />
		</Unit>
		<Unit filename="glut-3.7/progs/demos/skyfly/skyfly.c">
			<Option compilerVar="CC" />
		</Unit>
		<Unit filename="glut-3.7/progs/demos/skyfly/skyfly.h" />
		<Unit filename="glut-3.7/progs/demos/smooth/glm.c">
			<Option compilerVar="CC" />
		</Unit>
		<Unit filename="glut-3.7/progs/demos/smooth/glm.h" />
		<Unit filename="glut-3.7/progs/demos/smooth/gltx.c">
			<Option compilerVar="CC" />
		</Unit>
		<Unit filename="glut-3.7/progs/demos/smooth/gltx.h" />
		<Unit filename="glut-3.7/progs/demos/smooth/smooth.c">
			<Option compilerVar="CC" />
		</Unit>
		<Unit filename="glut-3.7/progs/demos/smooth/tb.c">
			<Option compilerVar="CC" />
		</Unit>
		<Unit filename="glut-3.7/progs/demos/smooth/tb.h" />
		<Unit filename="glut-3.7/progs/demos/smooth/trackball.c">
			<Option compilerVar="CC" />
		</Unit>
		<Unit filename="glut-3.7/progs/demos/smooth/trackball.h" />
		<Unit filename="glut-3.7/progs/demos/sysview/sysview.c">
			<Option compilerVar="CC" />
		</Unit>
		<Unit filename="glut-3.7/progs/demos/underwater/dino.c">
			<Option compilerVar="CC" />
		</Unit>
		<Unit filename="glut-3.7/progs/demos/underwater/dino.h" />
		<Unit filename="glut-3.7/progs/demos/underwater/texload.c">
			<Option compilerVar="CC" />
		</Unit>
		<Unit filename="glut-3.7/progs/demos/underwater/texload.h" />
		<Unit filename="glut-3.7/progs/demos/underwater/underwater.c">
			<Option compilerVar="CC" />
		</Unit>
		<Unit filename="glut-3.7/progs/demos/walker/models.c">
			<Option compilerVar="CC" />
		</Unit>
		<Unit filename="glut-3.7/progs/demos/walker/walker.c">
			<Option compilerVar="CC" />
		</Unit>
		<Unit filename="glut-3.7/progs/demos/walker/walker.h" />
		<Unit filename="glut-3.7/progs/demos/walker/walkviewer.c">
			<Option compilerVar="CC" />
		</Unit>
		<Unit filename="glut-3.7/progs/demos/walker/walkviewer.h" />
		<Unit filename="glut-3.7/progs/demos/walker/win32_dirent.h" />
		<Unit filename="glut-3.7/progs/demos/yacme/Editor.c">
			<Option compilerVar="CC" />
		</Unit>
		<Unit filename="glut-3.7/progs/demos/yacme/RGBA.h" />
		<Unit filename="glut-3.7/progs/demos/yacme/invertmat.c">
			<Option compilerVar="CC" />
		</Unit>
		<Unit filename="glut-3.7/progs/demos/yacme/mallocbis.h" />
		<Unit filename="glut-3.7/progs/examples/abgr.c">
			<Option compilerVar="CC" />
		</Unit>
		<Unit filename="glut-3.7/progs/examples/bitfont.c">
			<Option compilerVar="CC" />
		</Unit>
		<Unit filename="glut-3.7/progs/examples/blender.c">
			<Option compilerVar="CC" />
		</Unit>
		<Unit filename="glut-3.7/progs/examples/circlefit.c">
			<Option compilerVar="CC" />
		</Unit>
		<Unit filename="glut-3.7/progs/examples/cube.c">
			<Option compilerVar="CC" />
		</Unit>
		<Unit filename="glut-3.7/progs/examples/dials.c">
			<Option compilerVar="CC" />
		</Unit>
		<Unit filename="glut-3.7/progs/examples/dials2.c">
			<Option compilerVar="CC" />
		</Unit>
		<Unit filename="glut-3.7/progs/examples/dinoball.c">
			<Option compilerVar="CC" />
		</Unit>
		<Unit filename="glut-3.7/progs/examples/dinodraw.c">
			<Option compilerVar="CC" />
		</Unit>
		<Unit filename="glut-3.7/progs/examples/dinoshade.c">
			<Option compilerVar="CC" />
		</Unit>
		<Unit filename="glut-3.7/progs/examples/dinospin.c">
			<Option compilerVar="CC" />
		</Unit>
		<Unit filename="glut-3.7/progs/examples/editgrid.c">
			<Option compilerVar="CC" />
		</Unit>
		<Unit filename="glut-3.7/progs/examples/evaltest.c">
			<Option compilerVar="CC" />
		</Unit>
		<Unit filename="glut-3.7/progs/examples/fogtst.c">
			<Option compilerVar="CC" />
		</Unit>
		<Unit filename="glut-3.7/progs/examples/fontdemo.c">
			<Option compilerVar="CC" />
		</Unit>
		<Unit filename="glut-3.7/progs/examples/glpuzzle.c">
			<Option compilerVar="CC" />
		</Unit>
		<Unit filename="glut-3.7/progs/examples/glutdino.c">
			<Option compilerVar="CC" />
		</Unit>
		<Unit filename="glut-3.7/progs/examples/glutplane.c">
			<Option compilerVar="CC" />
		</Unit>
		<Unit filename="glut-3.7/progs/examples/halomagic.c">
			<Option compilerVar="CC" />
		</Unit>
		<Unit filename="glut-3.7/progs/examples/highlight.c">
			<Option compilerVar="CC" />
		</Unit>
		<Unit filename="glut-3.7/progs/examples/lightlab.c">
			<Option compilerVar="CC" />
		</Unit>
		<Unit filename="glut-3.7/progs/examples/luminance16.c">
			<Option compilerVar="CC" />
		</Unit>
		<Unit filename="glut-3.7/progs/examples/mjksift.c">
			<Option compilerVar="CC" />
		</Unit>
		<Unit filename="glut-3.7/progs/examples/mjkwarp.c">
			<Option compilerVar="CC" />
		</Unit>
		<Unit filename="glut-3.7/progs/examples/molehill.c">
			<Option compilerVar="CC" />
		</Unit>
		<Unit filename="glut-3.7/progs/examples/movelight.c">
			<Option compilerVar="CC" />
		</Unit>
		<Unit filename="glut-3.7/progs/examples/oclip.c">
			<Option compilerVar="CC" />
		</Unit>
		<Unit filename="glut-3.7/progs/examples/ohidden.c">
			<Option compilerVar="CC" />
		</Unit>
		<Unit filename="glut-3.7/progs/examples/olight.c">
			<Option compilerVar="CC" />
		</Unit>
		<Unit filename="glut-3.7/progs/examples/olympic.c">
			<Option compilerVar="CC" />
		</Unit>
		<Unit filename="glut-3.7/progs/examples/origami.c">
			<Option compilerVar="CC" />
		</Unit>
		<Unit filename="glut-3.7/progs/examples/oversphere.c">
			<Option compilerVar="CC" />
		</Unit>
		<Unit filename="glut-3.7/progs/examples/reflectdino.c">
			<Option compilerVar="CC" />
		</Unit>
		<Unit filename="glut-3.7/progs/examples/rendereps.c">
			<Option compilerVar="CC" />
		</Unit>
		<Unit filename="glut-3.7/progs/examples/resolution.c">
			<Option compilerVar="CC" />
		</Unit>
		<Unit filename="glut-3.7/progs/examples/sb2db.c">
			<Option compilerVar="CC" />
		</Unit>
		<Unit filename="glut-3.7/progs/examples/scene.c">
			<Option compilerVar="CC" />
		</Unit>
		<Unit filename="glut-3.7/progs/examples/screendoor.c">
			<Option compilerVar="CC" />
		</Unit>
		<Unit filename="glut-3.7/progs/examples/scube.c">
			<Option compilerVar="CC" />
		</Unit>
		<Unit filename="glut-3.7/progs/examples/simple.c">
			<Option compilerVar="CC" />
		</Unit>
		<Unit filename="glut-3.7/progs/examples/sphere.c">
			<Option compilerVar="CC" />
		</Unit>
		<Unit filename="glut-3.7/progs/examples/sphere2.c">
			<Option compilerVar="CC" />
		</Unit>
		<Unit filename="glut-3.7/progs/examples/splatlogo.c">
			<Option compilerVar="CC" />
		</Unit>
		<Unit filename="glut-3.7/progs/examples/spots.c">
			<Option compilerVar="CC" />
		</Unit>
		<Unit filename="glut-3.7/progs/examples/stars.c">
			<Option compilerVar="CC" />
		</Unit>
		<Unit filename="glut-3.7/progs/examples/stenciltst.c">
			<Option compilerVar="CC" />
		</Unit>
		<Unit filename="glut-3.7/progs/examples/stereo.c">
			<Option compilerVar="CC" />
		</Unit>
		<Unit filename="glut-3.7/progs/examples/stroke.c">
			<Option compilerVar="CC" />
		</Unit>
		<Unit filename="glut-3.7/progs/examples/subwin.c">
			<Option compilerVar="CC" />
		</Unit>
		<Unit filename="glut-3.7/progs/examples/surfgrid.c">
			<Option compilerVar="CC" />
		</Unit>
		<Unit filename="glut-3.7/progs/examples/texenv.c">
			<Option compilerVar="CC" />
		</Unit>
		<Unit filename="glut-3.7/progs/examples/trackball.c">
			<Option compilerVar="CC" />
		</Unit>
		<Unit filename="glut-3.7/progs/examples/trackball.h" />
		<Unit filename="glut-3.7/progs/examples/trippy.c">
			<Option compilerVar="CC" />
		</Unit>
		<Unit filename="glut-3.7/progs/examples/triselect.c">
			<Option compilerVar="CC" />
		</Unit>
		<Unit filename="glut-3.7/progs/examples/zoomdino.c">
			<Option compilerVar="CC" />
		</Unit>
		<Unit filename="glut-3.7/progs/fortran/example.f" />
		<Unit filename="glut-3.7/progs/fortran/fbitfont.f" />
		<Unit filename="glut-3.7/progs/fortran/fscene.f" />
		<Unit filename="glut-3.7/progs/fortran/sphere.f" />
		<Unit filename="glut-3.7/progs/gameglut/asteroids.c">
			<Option compilerVar="CC" />
		</Unit>
		<Unit filename="glut-3.7/progs/glc/glcdemo.c">
			<Option compilerVar="CC" />
		</Unit>
		<Unit filename="glut-3.7/progs/gle/beam.c">
			<Option compilerVar="CC" />
		</Unit>
		<Unit filename="glut-3.7/progs/gle/candlestick.c">
			<Option compilerVar="CC" />
		</Unit>
		<Unit filename="glut-3.7/progs/gle/cone.c">
			<Option compilerVar="CC" />
		</Unit>
		<Unit filename="glut-3.7/progs/gle/cylinder.c">
			<Option compilerVar="CC" />
		</Unit>
		<Unit filename="glut-3.7/progs/gle/helix.c">
			<Option compilerVar="CC" />
		</Unit>
		<Unit filename="glut-3.7/progs/gle/helix2.c">
			<Option compilerVar="CC" />
		</Unit>
		<Unit filename="glut-3.7/progs/gle/helix3.c">
			<Option compilerVar="CC" />
		</Unit>
		<Unit filename="glut-3.7/progs/gle/helix4.c">
			<Option compilerVar="CC" />
		</Unit>
		<Unit filename="glut-3.7/progs/gle/helixtex.c">
			<Option compilerVar="CC" />
		</Unit>
		<Unit filename="glut-3.7/progs/gle/horn.c">
			<Option compilerVar="CC" />
		</Unit>
		<Unit filename="glut-3.7/progs/gle/joinoffset.c">
			<Option compilerVar="CC" />
		</Unit>
		<Unit filename="glut-3.7/progs/gle/mainjoin.c">
			<Option compilerVar="CC" />
		</Unit>
		<Unit filename="glut-3.7/progs/gle/mainsimple.c">
			<Option compilerVar="CC" />
		</Unit>
		<Unit filename="glut-3.7/progs/gle/maintex.c">
			<Option compilerVar="CC" />
		</Unit>
		<Unit filename="glut-3.7/progs/gle/martini.c">
			<Option compilerVar="CC" />
		</Unit>
		<Unit filename="glut-3.7/progs/gle/screw.c">
			<Option compilerVar="CC" />
		</Unit>
		<Unit filename="glut-3.7/progs/gle/taper.c">
			<Option compilerVar="CC" />
		</Unit>
		<Unit filename="glut-3.7/progs/gle/texas.c">
			<Option compilerVar="CC" />
		</Unit>
		<Unit filename="glut-3.7/progs/gle/texture.c">
			<Option compilerVar="CC" />
		</Unit>
		<Unit filename="glut-3.7/progs/gle/texture.h" />
		<Unit filename="glut-3.7/progs/gle/transport.c">
			<Option compilerVar="CC" />
		</Unit>
		<Unit filename="glut-3.7/progs/gle/twistoid.c">
			<Option compilerVar="CC" />
		</Unit>
		<Unit filename="glut-3.7/progs/gle/twoid.c">
			<Option compilerVar="CC" />
		</Unit>
		<Unit filename="glut-3.7/progs/mesademos/bounce.c">
			<Option compilerVar="CC" />
		</Unit>
		<Unit filename="glut-3.7/progs/mesademos/gamma.c">
			<Option compilerVar="CC" />
		</Unit>
		<Unit filename="glut-3.7/progs/mesademos/gears.c">
			<Option compilerVar="CC" />
		</Unit>
		<Unit filename="glut-3.7/progs/mesademos/image.c">
			<Option compilerVar="CC" />
		</Unit>
		<Unit filename="glut-3.7/progs/mesademos/image.h" />
		<Unit filename="glut-3.7/progs/mesademos/isosurf.c">
			<Option compilerVar="CC" />
		</Unit>
		<Unit filename="glut-3.7/progs/mesademos/offset.c">
			<Option compilerVar="CC" />
		</Unit>
		<Unit filename="glut-3.7/progs/mesademos/reflect.c">
			<Option compilerVar="CC" />
		</Unit>
		<Unit filename="glut-3.7/progs/mesademos/spin.c">
			<Option compilerVar="CC" />
		</Unit>
		<Unit filename="glut-3.7/progs/mesademos/tess_demo.c">
			<Option compilerVar="CC" />
		</Unit>
		<Unit filename="glut-3.7/progs/mesademos/texobj.c">
			<Option compilerVar="CC" />
		</Unit>
		<Unit filename="glut-3.7/progs/mesademos/tr.c">
			<Option compilerVar="CC" />
		</Unit>
		<Unit filename="glut-3.7/progs/mesademos/tr.h" />
		<Unit filename="glut-3.7/progs/mesademos/trdemo.c">
			<Option compilerVar="CC" />
		</Unit>
		<Unit filename="glut-3.7/progs/mesademos/winpos.c">
			<Option compilerVar="CC" />
		</Unit>
		<Unit filename="glut-3.7/progs/mui/calc/calc.c">
			<Option compilerVar="CC" />
		</Unit>
		<Unit filename="glut-3.7/progs/mui/calc/calc.h" />
		<Unit filename="glut-3.7/progs/perf_harness/gl_harness.c">
			<Option compilerVar="CC" />
		</Unit>
		<Unit filename="glut-3.7/progs/perf_harness/torus.c">
			<Option compilerVar="CC" />
		</Unit>
		<Unit filename="glut-3.7/progs/redbook/aaindex.c">
			<Option compilerVar="CC" />
		</Unit>
		<Unit filename="glut-3.7/progs/redbook/aapoly.c">
			<Option compilerVar="CC" />
		</Unit>
		<Unit filename="glut-3.7/progs/redbook/aargb.c">
			<Option compilerVar="CC" />
		</Unit>
		<Unit filename="glut-3.7/progs/redbook/accanti.c">
			<Option compilerVar="CC" />
		</Unit>
		<Unit filename="glut-3.7/progs/redbook/accpersp.c">
			<Option compilerVar="CC" />
		</Unit>
		<Unit filename="glut-3.7/progs/redbook/alpha.c">
			<Option compilerVar="CC" />
		</Unit>
		<Unit filename="glut-3.7/progs/redbook/alpha3D.c">
			<Option compilerVar="CC" />
		</Unit>
		<Unit filename="glut-3.7/progs/redbook/anti.c">
			<Option compilerVar="CC" />
		</Unit>
		<Unit filename="glut-3.7/progs/redbook/bezcurve.c">
			<Option compilerVar="CC" />
		</Unit>
		<Unit filename="glut-3.7/progs/redbook/bezmesh.c">
			<Option compilerVar="CC" />
		</Unit>
		<Unit filename="glut-3.7/progs/redbook/checker.c">
			<Option compilerVar="CC" />
		</Unit>
		<Unit filename="glut-3.7/progs/redbook/clip.c">
			<Option compilerVar="CC" />
		</Unit>
		<Unit filename="glut-3.7/progs/redbook/colormat.c">
			<Option compilerVar="CC" />
		</Unit>
		<Unit filename="glut-3.7/progs/redbook/cube.c">
			<Option compilerVar="CC" />
		</Unit>
		<Unit filename="glut-3.7/progs/redbook/depthcue.c">
			<Option compilerVar="CC" />
		</Unit>
		<Unit filename="glut-3.7/progs/redbook/dof.c">
			<Option compilerVar="CC" />
		</Unit>
		<Unit filename="glut-3.7/progs/redbook/double.c">
			<Option compilerVar="CC" />
		</Unit>
		<Unit filename="glut-3.7/progs/redbook/drawf.c">
			<Option compilerVar="CC" />
		</Unit>
		<Unit filename="glut-3.7/progs/redbook/feedback.c">
			<Option compilerVar="CC" />
		</Unit>
		<Unit filename="glut-3.7/progs/redbook/fog.c">
			<Option compilerVar="CC" />
		</Unit>
		<Unit filename="glut-3.7/progs/redbook/fogindex.c">
			<Option compilerVar="CC" />
		</Unit>
		<Unit filename="glut-3.7/progs/redbook/font.c">
			<Option compilerVar="CC" />
		</Unit>
		<Unit filename="glut-3.7/progs/redbook/hello.c">
			<Option compilerVar="CC" />
		</Unit>
		<Unit filename="glut-3.7/progs/redbook/image.c">
			<Option compilerVar="CC" />
		</Unit>
		<Unit filename="glut-3.7/progs/redbook/jitter.h" />
		<Unit filename="glut-3.7/progs/redbook/light.c">
			<Option compilerVar="CC" />
		</Unit>
		<Unit filename="glut-3.7/progs/redbook/lines.c">
			<Option compilerVar="CC" />
		</Unit>
		<Unit filename="glut-3.7/progs/redbook/list.c">
			<Option compilerVar="CC" />
		</Unit>
		<Unit filename="glut-3.7/progs/redbook/material.c">
			<Option compilerVar="CC" />
		</Unit>
		<Unit filename="glut-3.7/progs/redbook/mipmap.c">
			<Option compilerVar="CC" />
		</Unit>
		<Unit filename="glut-3.7/progs/redbook/model.c">
			<Option compilerVar="CC" />
		</Unit>
		<Unit filename="glut-3.7/progs/redbook/movelight.c">
			<Option compilerVar="CC" />
		</Unit>
		<Unit filename="glut-3.7/progs/redbook/nurbs.c">
			<Option compilerVar="CC" />
		</Unit>
		<Unit filename="glut-3.7/progs/redbook/pickdepth.c">
			<Option compilerVar="CC" />
		</Unit>
		<Unit filename="glut-3.7/progs/redbook/picksquare.c">
			<Option compilerVar="CC" />
		</Unit>
		<Unit filename="glut-3.7/progs/redbook/plane.c">
			<Option compilerVar="CC" />
		</Unit>
		<Unit filename="glut-3.7/progs/redbook/planet.c">
			<Option compilerVar="CC" />
		</Unit>
		<Unit filename="glut-3.7/progs/redbook/polyoff.c">
			<Option compilerVar="CC" />
		</Unit>
		<Unit filename="glut-3.7/progs/redbook/polys.c">
			<Option compilerVar="CC" />
		</Unit>
		<Unit filename="glut-3.7/progs/redbook/quadric.c">
			<Option compilerVar="CC" />
		</Unit>
		<Unit filename="glut-3.7/progs/redbook/robot.c">
			<Option compilerVar="CC" />
		</Unit>
		<Unit filename="glut-3.7/progs/redbook/sccolorlight.c">
			<Option compilerVar="CC" />
		</Unit>
		<Unit filename="glut-3.7/progs/redbook/scene.c">
			<Option compilerVar="CC" />
		</Unit>
		<Unit filename="glut-3.7/progs/redbook/scenebamb.c">
			<Option compilerVar="CC" />
		</Unit>
		<Unit filename="glut-3.7/progs/redbook/sceneflat.c">
			<Option compilerVar="CC" />
		</Unit>
		<Unit filename="glut-3.7/progs/redbook/select.c">
			<Option compilerVar="CC" />
		</Unit>
		<Unit filename="glut-3.7/progs/redbook/smooth.c">
			<Option compilerVar="CC" />
		</Unit>
		<Unit filename="glut-3.7/progs/redbook/stencil.c">
			<Option compilerVar="CC" />
		</Unit>
		<Unit filename="glut-3.7/progs/redbook/stroke.c">
			<Option compilerVar="CC" />
		</Unit>
		<Unit filename="glut-3.7/progs/redbook/surface.c">
			<Option compilerVar="CC" />
		</Unit>
		<Unit filename="glut-3.7/progs/redbook/teaambient.c">
			<Option compilerVar="CC" />
		</Unit>
		<Unit filename="glut-3.7/progs/redbook/teapots.c">
			<Option compilerVar="CC" />
		</Unit>
		<Unit filename="glut-3.7/progs/redbook/tess.c">
			<Option compilerVar="CC" />
		</Unit>
		<Unit filename="glut-3.7/progs/redbook/tesswind.c">
			<Option compilerVar="CC" />
		</Unit>
		<Unit filename="glut-3.7/progs/redbook/texbind.c">
			<Option compilerVar="CC" />
		</Unit>
		<Unit filename="glut-3.7/progs/redbook/texgen.c">
			<Option compilerVar="CC" />
		</Unit>
		<Unit filename="glut-3.7/progs/redbook/texprox.c">
			<Option compilerVar="CC" />
		</Unit>
		<Unit filename="glut-3.7/progs/redbook/texsub.c">
			<Option compilerVar="CC" />
		</Unit>
		<Unit filename="glut-3.7/progs/redbook/texturesurf.c">
			<Option compilerVar="CC" />
		</Unit>
		<Unit filename="glut-3.7/progs/redbook/torus.c">
			<Option compilerVar="CC" />
		</Unit>
		<Unit filename="glut-3.7/progs/redbook/trim.c">
			<Option compilerVar="CC" />
		</Unit>
		<Unit filename="glut-3.7/progs/redbook/unproject.c">
			<Option compilerVar="CC" />
		</Unit>
		<Unit filename="glut-3.7/progs/redbook/varray.c">
			<Option compilerVar="CC" />
		</Unit>
		<Unit filename="glut-3.7/progs/redbook/wrap.c">
			<Option compilerVar="CC" />
		</Unit>
		<Unit filename="glut-3.7/progs/sgi-stereo/fullscreen_stereo.c">
			<Option compilerVar="CC" />
		</Unit>
		<Unit filename="glut-3.7/progs/sgi-stereo/fullscreen_stereo.h" />
		<Unit filename="glut-3.7/progs/sgi-stereo/stereo-plane.c">
			<Option compilerVar="CC" />
		</Unit>
		<Unit filename="glut-3.7/progs/spheremap/glsmap/fakeraytrace.c">
			<Option compilerVar="CC" />
		</Unit>
		<Unit filename="glut-3.7/progs/spheremap/glsmap/rtsmap.c">
			<Option compilerVar="CC" />
		</Unit>
		<Unit filename="glut-3.7/progs/spheremap/hacks/cview2smap.c">
			<Option compilerVar="CC" />
		</Unit>
		<Unit filename="glut-3.7/progs/spheremap/hacks/drawmesh.c">
			<Option compilerVar="CC" />
		</Unit>
		<Unit filename="glut-3.7/progs/spheremap/hacks/makemesh.c">
			<Option compilerVar="CC" />
		</Unit>
		<Unit filename="glut-3.7/progs/spheremap/hacks/sixviews.c">
			<Option compilerVar="CC" />
		</Unit>
		<Unit filename="glut-3.7/progs/spheremap/hacks/smapmesh.c">
			<Option compilerVar="CC" />
		</Unit>
		<Unit filename="glut-3.7/progs/spheremap/hacks/smapmesh.h" />
		<Unit filename="glut-3.7/progs/spheremap/hacks/st2rvec.c">
			<Option compilerVar="CC" />
		</Unit>
		<Unit filename="glut-3.7/progs/texfont/TexFont.h" />
		<Unit filename="glut-3.7/progs/texfont/gentexfont.c">
			<Option compilerVar="CC" />
		</Unit>
		<Unit filename="glut-3.7/progs/texfont/showtxf.c">
			<Option compilerVar="CC" />
		</Unit>
		<Unit filename="glut-3.7/progs/texfont/simpletxf.c">
			<Option compilerVar="CC" />
		</Unit>
		<Unit filename="glut-3.7/progs/texfont/texfont.c">
			<Option compilerVar="CC" />
		</Unit>
		<Unit filename="glut-3.7/progs/texfont/txfdemo.c">
			<Option compilerVar="CC" />
		</Unit>
		<Unit filename="glut-3.7/progs/tiff/depthdof.c">
			<Option compilerVar="CC" />
		</Unit>
		<Unit filename="glut-3.7/progs/tiff/scalebias.c">
			<Option compilerVar="CC" />
		</Unit>
		<Unit filename="glut-3.7/progs/tiff/showtiff.c">
			<Option compilerVar="CC" />
		</Unit>
		<Unit filename="glut-3.7/progs/tiff/textiff.c">
			<Option compilerVar="CC" />
		</Unit>
		<Unit filename="glut-3.7/progs/tiff/tiffsift.c">
			<Option compilerVar="CC" />
		</Unit>
		<Unit filename="glut-3.7/progs/tiff/writetiff.c">
			<Option compilerVar="CC" />
		</Unit>
		<Unit filename="glut-3.7/test/glut/bigtest.c">
			<Option compilerVar="CC" />
		</Unit>
		<Unit filename="glut-3.7/test/glut/cursor_test.c">
			<Option compilerVar="CC" />
		</Unit>
		<Unit filename="glut-3.7/test/glut/joy_test.c">
			<Option compilerVar="CC" />
		</Unit>
		<Unit filename="glut-3.7/test/glut/keyup_test.c">
			<Option compilerVar="CC" />
		</Unit>
		<Unit filename="glut-3.7/test/glut/menu_test.c">
			<Option compilerVar="CC" />
		</Unit>
		<Unit filename="glut-3.7/test/glut/over_test.c">
			<Option compilerVar="CC" />
		</Unit>
		<Unit filename="glut-3.7/test/glut/shape_test.c">
			<Option compilerVar="CC" />
		</Unit>
		<Unit filename="glut-3.7/test/glut/test1.c">
			<Option compilerVar="CC" />
		</Unit>
		<Unit filename="glut-3.7/test/glut/test10.c">
			<Option compilerVar="CC" />
		</Unit>
		<Unit filename="glut-3.7/test/glut/test11.c">
			<Option compilerVar="CC" />
		</Unit>
		<Unit filename="glut-3.7/test/glut/test12.c">
			<Option compilerVar="CC" />
		</Unit>
		<Unit filename="glut-3.7/test/glut/test13.c">
			<Option compilerVar="CC" />
		</Unit>
		<Unit filename="glut-3.7/test/glut/test14.c">
			<Option compilerVar="CC" />
		</Unit>
		<Unit filename="glut-3.7/test/glut/test15.c">
			<Option compilerVar="CC" />
		</Unit>
		<Unit filename="glut-3.7/test/glut/test16.c">
			<Option compilerVar="CC" />
		</Unit>
		<Unit filename="glut-3.7/test/glut/test17.c">
			<Option compilerVar="CC" />
		</Unit>
		<Unit filename="glut-3.7/test/glut/test18.c">
			<Option compilerVar="CC" />
		</Unit>
		<Unit filename="glut-3.7/test/glut/test19.c">
			<Option compilerVar="CC" />
		</Unit>
		<Unit filename="glut-3.7/test/glut/test2.c">
			<Option compilerVar="CC" />
		</Unit>
		<Unit filename="glut-3.7/test/glut/test20.c">
			<Option compilerVar="CC" />
		</Unit>
		<Unit filename="glut-3.7/test/glut/test21.c">
			<Option compilerVar="CC" />
		</Unit>
		<Unit filename="glut-3.7/test/glut/test22.c">
			<Option compilerVar="CC" />
		</Unit>
		<Unit filename="glut-3.7/test/glut/test23.c">
			<Option compilerVar="CC" />
		</Unit>
		<Unit filename="glut-3.7/test/glut/test24.c">
			<Option compilerVar="CC" />
		</Unit>
		<Unit filename="glut-3.7/test/glut/test25.c">
			<Option compilerVar="CC" />
		</Unit>
		<Unit filename="glut-3.7/test/glut/test26.c">
			<Option compilerVar="CC" />
		</Unit>
		<Unit filename="glut-3.7/test/glut/test27.c">
			<Option compilerVar="CC" />
		</Unit>
		<Unit filename="glut-3.7/test/glut/test28.c">
			<Option compilerVar="CC" />
		</Unit>
		<Unit filename="glut-3.7/test/glut/test3.c">
			<Option compilerVar="CC" />
		</Unit>
		<Unit filename="glut-3.7/test/glut/test4.c">
			<Option compilerVar="CC" />
		</Unit>
		<Unit filename="glut-3.7/test/glut/test5.c">
			<Option compilerVar="CC" />
		</Unit>
		<Unit filename="glut-3.7/test/glut/test6.c">
			<Option compilerVar="CC" />
		</Unit>
		<Unit filename="glut-3.7/test/glut/test7.c">
			<Option compilerVar="CC" />
		</Unit>
		<Unit filename="glut-3.7/test/glut/test8.c">
			<Option compilerVar="CC" />
		</Unit>
		<Unit filename="glut-3.7/test/glut/test9.c">
			<Option compilerVar="CC" />
		</Unit>
		<Unit filename="glut-3.7/test/glut/timer_test.c">
			<Option compilerVar="CC" />
		</Unit>
		<Unit filename="glut-3.7/test/mui/mui_test.c">
			<Option compilerVar="CC" />
		</Unit>
		<Unit filename="glut-3.7/test/mui/multi_test.c">
			<Option compilerVar="CC" />
		</Unit>
		<Unit filename="main.cpp" />
		<Unit filename="main2.cpp" />
		<Unit filename="rubik.cpp" />
		<Unit filename="rubik.h" />
		<Unit filename="rubik.hpp" />
		<Unit filename="soil/Simple OpenGL Image Library/src/SOIL.c">
			<Option compilerVar="CC" />
		</Unit>
		<Unit filename="soil/Simple OpenGL Image Library/src/SOIL.h" />
		<Unit filename="soil/Simple OpenGL Image Library/src/image_DXT.c">
			<Option compilerVar="CC" />
		</Unit>
		<Unit filename="soil/Simple OpenGL Image Library/src/image_DXT.h" />
		<Unit filename="soil/Simple OpenGL Image Library/src/image_helper.c">
			<Option compilerVar="CC" />
		</Unit>
		<Unit filename="soil/Simple OpenGL Image Library/src/image_helper.h" />
		<Unit filename="soil/Simple OpenGL Image Library/src/original/stb_image-1.09.c">
			<Option compilerVar="CC" />
		</Unit>
		<Unit filename="soil/Simple OpenGL Image Library/src/original/stb_image-1.16.c">
			<Option compilerVar="CC" />
		</Unit>
		<Unit filename="soil/Simple OpenGL Image Library/src/stb_image_aug.c">
			<Option compilerVar="CC" />
		</Unit>
		<Unit filename="soil/Simple OpenGL Image Library/src/stb_image_aug.h" />
		<Unit filename="soil/Simple OpenGL Image Library/src/stbi_DDS_aug.h" />
		<Unit filename="soil/Simple OpenGL Image Library/src/stbi_DDS_aug_c.h" />
		<Unit filename="soil/Simple OpenGL Image Library/src/test_SOIL.cpp" />
		<Extensions>
			<code_completion />
			<envvars />
			<debugger />
			<lib_finder disable_auto="1" />
		</Extensions>
	</Project>
</CodeBlocks_project_file>
